// !$*UTF8*$!
{
	archiveVersion = 1;
	classes = {
	};
	objectVersion = 46;
	objects = {

/* Begin PBXBuildFile section */
		2C47A7461D54A3120082E508 /* AppDelegate.swift in Sources */ = {isa = PBXBuildFile; fileRef = 2C47A7451D54A3120082E508 /* AppDelegate.swift */; };
		2C47A7481D54A3120082E508 /* ViewController.swift in Sources */ = {isa = PBXBuildFile; fileRef = 2C47A7471D54A3120082E508 /* ViewController.swift */; };
		2C47A74B1D54A3120082E508 /* Main.storyboard in Resources */ = {isa = PBXBuildFile; fileRef = 2C47A7491D54A3120082E508 /* Main.storyboard */; };
		2C47A74D1D54A3120082E508 /* Assets.xcassets in Resources */ = {isa = PBXBuildFile; fileRef = 2C47A74C1D54A3120082E508 /* Assets.xcassets */; };
		2C47A7501D54A3120082E508 /* LaunchScreen.storyboard in Resources */ = {isa = PBXBuildFile; fileRef = 2C47A74E1D54A3120082E508 /* LaunchScreen.storyboard */; };
		2C47A75B1D54A3130082E508 /* CardSampleTests.swift in Sources */ = {isa = PBXBuildFile; fileRef = 2C47A75A1D54A3130082E508 /* CardSampleTests.swift */; };
		2C47A7661D54A3130082E508 /* CardSampleUITests.swift in Sources */ = {isa = PBXBuildFile; fileRef = 2C47A7651D54A3130082E508 /* CardSampleUITests.swift */; };
		2C47A7741D54A3760082E508 /* CardLayout.swift in Sources */ = {isa = PBXBuildFile; fileRef = 2C47A7731D54A3760082E508 /* CardLayout.swift */; };
/* End PBXBuildFile section */

/* Begin PBXContainerItemProxy section */
		2C47A7571D54A3130082E508 /* PBXContainerItemProxy */ = {
			isa = PBXContainerItemProxy;
			containerPortal = 2C47A73A1D54A3120082E508 /* Project object */;
			proxyType = 1;
			remoteGlobalIDString = 2C47A7411D54A3120082E508;
			remoteInfo = CardSample;
		};
		2C47A7621D54A3130082E508 /* PBXContainerItemProxy */ = {
			isa = PBXContainerItemProxy;
			containerPortal = 2C47A73A1D54A3120082E508 /* Project object */;
			proxyType = 1;
			remoteGlobalIDString = 2C47A7411D54A3120082E508;
			remoteInfo = CardSample;
		};
/* End PBXContainerItemProxy section */

/* Begin PBXFileReference section */
		2C47A7421D54A3120082E508 /* CardSample.app */ = {isa = PBXFileReference; explicitFileType = wrapper.application; includeInIndex = 0; path = CardSample.app; sourceTree = BUILT_PRODUCTS_DIR; };
		2C47A7451D54A3120082E508 /* AppDelegate.swift */ = {isa = PBXFileReference; lastKnownFileType = sourcecode.swift; path = AppDelegate.swift; sourceTree = "<group>"; };
		2C47A7471D54A3120082E508 /* ViewController.swift */ = {isa = PBXFileReference; lastKnownFileType = sourcecode.swift; path = ViewController.swift; sourceTree = "<group>"; };
		2C47A74A1D54A3120082E508 /* Base */ = {isa = PBXFileReference; lastKnownFileType = file.storyboard; name = Base; path = Base.lproj/Main.storyboard; sourceTree = "<group>"; };
		2C47A74C1D54A3120082E508 /* Assets.xcassets */ = {isa = PBXFileReference; lastKnownFileType = folder.assetcatalog; path = Assets.xcassets; sourceTree = "<group>"; };
		2C47A74F1D54A3120082E508 /* Base */ = {isa = PBXFileReference; lastKnownFileType = file.storyboard; name = Base; path = Base.lproj/LaunchScreen.storyboard; sourceTree = "<group>"; };
		2C47A7511D54A3120082E508 /* Info.plist */ = {isa = PBXFileReference; lastKnownFileType = text.plist.xml; path = Info.plist; sourceTree = "<group>"; };
		2C47A7561D54A3130082E508 /* CardSampleTests.xctest */ = {isa = PBXFileReference; explicitFileType = wrapper.cfbundle; includeInIndex = 0; path = CardSampleTests.xctest; sourceTree = BUILT_PRODUCTS_DIR; };
		2C47A75A1D54A3130082E508 /* CardSampleTests.swift */ = {isa = PBXFileReference; lastKnownFileType = sourcecode.swift; path = CardSampleTests.swift; sourceTree = "<group>"; };
		2C47A75C1D54A3130082E508 /* Info.plist */ = {isa = PBXFileReference; lastKnownFileType = text.plist.xml; path = Info.plist; sourceTree = "<group>"; };
		2C47A7611D54A3130082E508 /* CardSampleUITests.xctest */ = {isa = PBXFileReference; explicitFileType = wrapper.cfbundle; includeInIndex = 0; path = CardSampleUITests.xctest; sourceTree = BUILT_PRODUCTS_DIR; };
		2C47A7651D54A3130082E508 /* CardSampleUITests.swift */ = {isa = PBXFileReference; lastKnownFileType = sourcecode.swift; path = CardSampleUITests.swift; sourceTree = "<group>"; };
		2C47A7671D54A3130082E508 /* Info.plist */ = {isa = PBXFileReference; lastKnownFileType = text.plist.xml; path = Info.plist; sourceTree = "<group>"; };
		2C47A7731D54A3760082E508 /* CardLayout.swift */ = {isa = PBXFileReference; fileEncoding = 4; lastKnownFileType = sourcecode.swift; path = CardLayout.swift; sourceTree = "<group>"; };
/* End PBXFileReference section */

/* Begin PBXFrameworksBuildPhase section */
		2C47A73F1D54A3120082E508 /* Frameworks */ = {
			isa = PBXFrameworksBuildPhase;
			buildActionMask = 2147483647;
			files = (
			);
			runOnlyForDeploymentPostprocessing = 0;
		};
		2C47A7531D54A3130082E508 /* Frameworks */ = {
			isa = PBXFrameworksBuildPhase;
			buildActionMask = 2147483647;
			files = (
			);
			runOnlyForDeploymentPostprocessing = 0;
		};
		2C47A75E1D54A3130082E508 /* Frameworks */ = {
			isa = PBXFrameworksBuildPhase;
			buildActionMask = 2147483647;
			files = (
			);
			runOnlyForDeploymentPostprocessing = 0;
		};
/* End PBXFrameworksBuildPhase section */

/* Begin PBXGroup section */
		2C47A7391D54A3120082E508 = {
			isa = PBXGroup;
			children = (
				2C47A7441D54A3120082E508 /* CardSample */,
				2C47A7591D54A3130082E508 /* CardSampleTests */,
				2C47A7641D54A3130082E508 /* CardSampleUITests */,
				2C47A7431D54A3120082E508 /* Products */,
			);
			sourceTree = "<group>";
		};
		2C47A7431D54A3120082E508 /* Products */ = {
			isa = PBXGroup;
			children = (
				2C47A7421D54A3120082E508 /* CardSample.app */,
				2C47A7561D54A3130082E508 /* CardSampleTests.xctest */,
				2C47A7611D54A3130082E508 /* CardSampleUITests.xctest */,
			);
			name = Products;
			sourceTree = "<group>";
		};
		2C47A7441D54A3120082E508 /* CardSample */ = {
			isa = PBXGroup;
			children = (
				2C47A7451D54A3120082E508 /* AppDelegate.swift */,
				2C47A7731D54A3760082E508 /* CardLayout.swift */,
				2C47A7471D54A3120082E508 /* ViewController.swift */,
				2C47A7491D54A3120082E508 /* Main.storyboard */,
				2C47A74C1D54A3120082E508 /* Assets.xcassets */,
				2C47A74E1D54A3120082E508 /* LaunchScreen.storyboard */,
				2C47A7511D54A3120082E508 /* Info.plist */,
			);
			path = CardSample;
			sourceTree = "<group>";
		};
		2C47A7591D54A3130082E508 /* CardSampleTests */ = {
			isa = PBXGroup;
			children = (
				2C47A75A1D54A3130082E508 /* CardSampleTests.swift */,
				2C47A75C1D54A3130082E508 /* Info.plist */,
			);
			path = CardSampleTests;
			sourceTree = "<group>";
		};
		2C47A7641D54A3130082E508 /* CardSampleUITests */ = {
			isa = PBXGroup;
			children = (
				2C47A7651D54A3130082E508 /* CardSampleUITests.swift */,
				2C47A7671D54A3130082E508 /* Info.plist */,
			);
			path = CardSampleUITests;
			sourceTree = "<group>";
		};
/* End PBXGroup section */

/* Begin PBXNativeTarget section */
		2C47A7411D54A3120082E508 /* CardSample */ = {
			isa = PBXNativeTarget;
			buildConfigurationList = 2C47A76A1D54A3130082E508 /* Build configuration list for PBXNativeTarget "CardSample" */;
			buildPhases = (
				2C47A73E1D54A3120082E508 /* Sources */,
				2C47A73F1D54A3120082E508 /* Frameworks */,
				2C47A7401D54A3120082E508 /* Resources */,
			);
			buildRules = (
			);
			dependencies = (
			);
			name = CardSample;
			productName = CardSample;
			productReference = 2C47A7421D54A3120082E508 /* CardSample.app */;
			productType = "com.apple.product-type.application";
		};
		2C47A7551D54A3130082E508 /* CardSampleTests */ = {
			isa = PBXNativeTarget;
			buildConfigurationList = 2C47A76D1D54A3130082E508 /* Build configuration list for PBXNativeTarget "CardSampleTests" */;
			buildPhases = (
				2C47A7521D54A3130082E508 /* Sources */,
				2C47A7531D54A3130082E508 /* Frameworks */,
				2C47A7541D54A3130082E508 /* Resources */,
			);
			buildRules = (
			);
			dependencies = (
				2C47A7581D54A3130082E508 /* PBXTargetDependency */,
			);
			name = CardSampleTests;
			productName = CardSampleTests;
			productReference = 2C47A7561D54A3130082E508 /* CardSampleTests.xctest */;
			productType = "com.apple.product-type.bundle.unit-test";
		};
		2C47A7601D54A3130082E508 /* CardSampleUITests */ = {
			isa = PBXNativeTarget;
			buildConfigurationList = 2C47A7701D54A3130082E508 /* Build configuration list for PBXNativeTarget "CardSampleUITests" */;
			buildPhases = (
				2C47A75D1D54A3130082E508 /* Sources */,
				2C47A75E1D54A3130082E508 /* Frameworks */,
				2C47A75F1D54A3130082E508 /* Resources */,
			);
			buildRules = (
			);
			dependencies = (
				2C47A7631D54A3130082E508 /* PBXTargetDependency */,
			);
			name = CardSampleUITests;
			productName = CardSampleUITests;
			productReference = 2C47A7611D54A3130082E508 /* CardSampleUITests.xctest */;
			productType = "com.apple.product-type.bundle.ui-testing";
		};
/* End PBXNativeTarget section */

/* Begin PBXProject section */
		2C47A73A1D54A3120082E508 /* Project object */ = {
			isa = PBXProject;
			attributes = {
				LastSwiftUpdateCheck = 0730;
				LastUpgradeCheck = 0730;
				ORGANIZATIONNAME = Emiaostein;
				TargetAttributes = {
					2C47A7411D54A3120082E508 = {
						CreatedOnToolsVersion = 7.3.1;
					};
					2C47A7551D54A3130082E508 = {
						CreatedOnToolsVersion = 7.3.1;
						TestTargetID = 2C47A7411D54A3120082E508;
					};
					2C47A7601D54A3130082E508 = {
						CreatedOnToolsVersion = 7.3.1;
						TestTargetID = 2C47A7411D54A3120082E508;
					};
				};
			};
			buildConfigurationList = 2C47A73D1D54A3120082E508 /* Build configuration list for PBXProject "CardSample" */;
			compatibilityVersion = "Xcode 3.2";
			developmentRegion = English;
			hasScannedForEncodings = 0;
			knownRegions = (
				en,
				Base,
			);
			mainGroup = 2C47A7391D54A3120082E508;
			productRefGroup = 2C47A7431D54A3120082E508 /* Products */;
			projectDirPath = "";
			projectRoot = "";
			targets = (
				2C47A7411D54A3120082E508 /* CardSample */,
				2C47A7551D54A3130082E508 /* CardSampleTests */,
				2C47A7601D54A3130082E508 /* CardSampleUITests */,
			);
		};
/* End PBXProject section */

/* Begin PBXResourcesBuildPhase section */
		2C47A7401D54A3120082E508 /* Resources */ = {
			isa = PBXResourcesBuildPhase;
			buildActionMask = 2147483647;
			files = (
				2C47A7501D54A3120082E508 /* LaunchScreen.storyboard in Resources */,
				2C47A74D1D54A3120082E508 /* Assets.xcassets in Resources */,
				2C47A74B1D54A3120082E508 /* Main.storyboard in Resources */,
			);
			runOnlyForDeploymentPostprocessing = 0;
		};
		2C47A7541D54A3130082E508 /* Resources */ = {
			isa = PBXResourcesBuildPhase;
			buildActionMask = 2147483647;
			files = (
			);
			runOnlyForDeploymentPostprocessing = 0;
		};
		2C47A75F1D54A3130082E508 /* Resources */ = {
			isa = PBXResourcesBuildPhase;
			buildActionMask = 2147483647;
			files = (
			);
			runOnlyForDeploymentPostprocessing = 0;
		};
/* End PBXResourcesBuildPhase section */

/* Begin PBXSourcesBuildPhase section */
		2C47A73E1D54A3120082E508 /* Sources */ = {
			isa = PBXSourcesBuildPhase;
			buildActionMask = 2147483647;
			files = (
				2C47A7481D54A3120082E508 /* ViewController.swift in Sources */,
				2C47A7741D54A3760082E508 /* CardLayout.swift in Sources */,
				2C47A7461D54A3120082E508 /* AppDelegate.swift in Sources */,
			);
			runOnlyForDeploymentPostprocessing = 0;
		};
		2C47A7521D54A3130082E508 /* Sources */ = {
			isa = PBXSourcesBuildPhase;
			buildActionMask = 2147483647;
			files = (
				2C47A75B1D54A3130082E508 /* CardSampleTests.swift in Sources */,
			);
			runOnlyForDeploymentPostprocessing = 0;
		};
		2C47A75D1D54A3130082E508 /* Sources */ = {
			isa = PBXSourcesBuildPhase;
			buildActionMask = 2147483647;
			files = (
				2C47A7661D54A3130082E508 /* CardSampleUITests.swift in Sources */,
			);
			runOnlyForDeploymentPostprocessing = 0;
		};
/* End PBXSourcesBuildPhase section */

/* Begin PBXTargetDependency section */
		2C47A7581D54A3130082E508 /* PBXTargetDependency */ = {
			isa = PBXTargetDependency;
			target = 2C47A7411D54A3120082E508 /* CardSample */;
			targetProxy = 2C47A7571D54A3130082E508 /* PBXContainerItemProxy */;
		};
		2C47A7631D54A3130082E508 /* PBXTargetDependency */ = {
			isa = PBXTargetDependency;
			target = 2C47A7411D54A3120082E508 /* CardSample */;
			targetProxy = 2C47A7621D54A3130082E508 /* PBXContainerItemProxy */;
		};
/* End PBXTargetDependency section */

/* Begin PBXVariantGroup section */
		2C47A7491D54A3120082E508 /* Main.storyboard */ = {
			isa = PBXVariantGroup;
			children = (
				2C47A74A1D54A3120082E508 /* Base */,
			);
			name = Main.storyboard;
			sourceTree = "<group>";
		};
		2C47A74E1D54A3120082E508 /* LaunchScreen.storyboard */ = {
			isa = PBXVariantGroup;
			children = (
				2C47A74F1D54A3120082E508 /* Base */,
			);
			name = LaunchScreen.storyboard;
			sourceTree = "<group>";
		};
/* End PBXVariantGroup section */

/* Begin XCBuildConfiguration section */
		2C47A7681D54A3130082E508 /* Debug */ = {
			isa = XCBuildConfiguration;
			buildSettings = {
				ALWAYS_SEARCH_USER_PATHS = NO;
				CLANG_ANALYZER_NONNULL = YES;
				CLANG_CXX_LANGUAGE_STANDARD = "gnu++0x";
				CLANG_CXX_LIBRARY = "libc++";
				CLANG_ENABLE_MODULES = YES;
				CLANG_ENABLE_OBJC_ARC = YES;
				CLANG_WARN_BOOL_CONVERSION = YES;
				CLANG_WARN_CONSTANT_CONVERSION = YES;
				CLANG_WARN_DIRECT_OBJC_ISA_USAGE = YES_ERROR;
				CLANG_WARN_EMPTY_BODY = YES;
				CLANG_WARN_ENUM_CONVERSION = YES;
				CLANG_WARN_INT_CONVERSION = YES;
				CLANG_WARN_OBJC_ROOT_CLASS = YES_ERROR;
				CLANG_WARN_UNREACHABLE_CODE = YES;
				CLANG_WARN__DUPLICATE_METHOD_MATCH = YES;
				"CODE_SIGN_IDENTITY[sdk=iphoneos*]" = "iPhone Developer";
				COPY_PHASE_STRIP = NO;
				DEBUG_INFORMATION_FORMAT = dwarf;
				ENABLE_STRICT_OBJC_MSGSEND = YES;
				ENABLE_TESTABILITY = YES;
				GCC_C_LANGUAGE_STANDARD = gnu99;
				GCC_DYNAMIC_NO_PIC = NO;
				GCC_NO_COMMON_BLOCKS = YES;
				GCC_OPTIMIZATION_LEVEL = 0;
				GCC_PREPROCESSOR_DEFINITIONS = (
					"DEBUG=1",
					"$(inherited)",
				);
				GCC_WARN_64_TO_32_BIT_CONVERSION = YES;
				GCC_WARN_ABOUT_RETURN_TYPE = YES_ERROR;
				GCC_WARN_UNDECLARED_SELECTOR = YES;
				GCC_WARN_UNINITIALIZED_AUTOS = YES_AGGRESSIVE;
				GCC_WARN_UNUSED_FUNCTION = YES;
				GCC_WARN_UNUSED_VARIABLE = YES;
				IPHONEOS_DEPLOYMENT_TARGET = 9.3;
				MTL_ENABLE_DEBUG_INFO = YES;
				ONLY_ACTIVE_ARCH = YES;
				SDKROOT = iphoneos;
				SWIFT_OPTIMIZATION_LEVEL = "-Onone";
			};
			name = Debug;
		};
		2C47A7691D54A3130082E508 /* Release */ = {
			isa = XCBuildConfiguration;
			buildSettings = {
				ALWAYS_SEARCH_USER_PATHS = NO;
				CLANG_ANALYZER_NONNULL = YES;
				CLANG_CXX_LANGUAGE_STANDARD = "gnu++0x";
				CLANG_CXX_LIBRARY = "libc++";
				CLANG_ENABLE_MODULES = YES;
				CLANG_ENABLE_OBJC_ARC = YES;
				CLANG_WARN_BOOL_CONVERSION = YES;
				CLANG_WARN_CONSTANT_CONVERSION = YES;
				CLANG_WARN_DIRECT_OBJC_ISA_USAGE = YES_ERROR;
				CLANG_WARN_EMPTY_BODY = YES;
				CLANG_WARN_ENUM_CONVERSION = YES;
				CLANG_WARN_INT_CONVERSION = YES;
				CLANG_WARN_OBJC_ROOT_CLASS = YES_ERROR;
				CLANG_WARN_UNREACHABLE_CODE = YES;
				CLANG_WARN__DUPLICATE_METHOD_MATCH = YES;
				"CODE_SIGN_IDENTITY[sdk=iphoneos*]" = "iPhone Developer";
				COPY_PHASE_STRIP = NO;
				DEBUG_INFORMATION_FORMAT = "dwarf-with-dsym";
				ENABLE_NS_ASSERTIONS = NO;
				ENABLE_STRICT_OBJC_MSGSEND = YES;
				GCC_C_LANGUAGE_STANDARD = gnu99;
				GCC_NO_COMMON_BLOCKS = YES;
				GCC_WARN_64_TO_32_BIT_CONVERSION = YES;
				GCC_WARN_ABOUT_RETURN_TYPE = YES_ERROR;
				GCC_WARN_UNDECLARED_SELECTOR = YES;
				GCC_WARN_UNINITIALIZED_AUTOS = YES_AGGRESSIVE;
				GCC_WARN_UNUSED_FUNCTION = YES;
				GCC_WARN_UNUSED_VARIABLE = YES;
				IPHONEOS_DEPLOYMENT_TARGET = 9.3;
				MTL_ENABLE_DEBUG_INFO = NO;
				SDKROOT = iphoneos;
				VALIDATE_PRODUCT = YES;
			};
			name = Release;
		};
		2C47A76B1D54A3130082E508 /* Debug */ = {
			isa = XCBuildConfiguration;
			buildSettings = {
				ASSETCATALOG_COMPILER_APPICON_NAME = AppIcon;
				CODE_SIGN_IDENTITY = "iPhone Developer";
				INFOPLIST_FILE = CardSample/Info.plist;
				LD_RUNPATH_SEARCH_PATHS = "$(inherited) @executable_path/Frameworks";
				PRODUCT_BUNDLE_IDENTIFIER = com.botai.CardSample;
				PRODUCT_NAME = "$(TARGET_NAME)";
			};
			name = Debug;
		};
		2C47A76C1D54A3130082E508 /* Release */ = {
			isa = XCBuildConfiguration;
			buildSettings = {
				ASSETCATALOG_COMPILER_APPICON_NAME = AppIcon;
				CODE_SIGN_IDENTITY = "iPhone Distribution";
				INFOPLIST_FILE = CardSample/Info.plist;
				LD_RUNPATH_SEARCH_PATHS = "$(inherited) @executable_path/Frameworks";
				PRODUCT_BUNDLE_IDENTIFIER = com.botai.CardSample;
				PRODUCT_NAME = "$(TARGET_NAME)";
			};
			name = Release;
		};
		2C47A76E1D54A3130082E508 /* Debug */ = {
			isa = XCBuildConfiguration;
			buildSettings = {
				BUNDLE_LOADER = "$(TEST_HOST)";
				INFOPLIST_FILE = CardSampleTests/Info.plist;
				LD_RUNPATH_SEARCH_PATHS = "$(inherited) @executable_path/Frameworks @loader_path/Frameworks";
				PRODUCT_BUNDLE_IDENTIFIER = com.botai.CardSampleTests;
				PRODUCT_NAME = "$(TARGET_NAME)";
				TEST_HOST = "$(BUILT_PRODUCTS_DIR)/CardSample.app/CardSample";
			};
			name = Debug;
		};
		2C47A76F1D54A3130082E508 /* Release */ = {
			isa = XCBuildConfiguration;
			buildSettings = {
				BUNDLE_LOADER = "$(TEST_HOST)";
				INFOPLIST_FILE = CardSampleTests/Info.plist;
				LD_RUNPATH_SEARCH_PATHS = "$(inherited) @executable_path/Frameworks @loader_path/Frameworks";
				PRODUCT_BUNDLE_IDENTIFIER = com.botai.CardSampleTests;
				PRODUCT_NAME = "$(TARGET_NAME)";
				TEST_HOST = "$(BUILT_PRODUCTS_DIR)/CardSample.app/CardSample";
			};
			name = Release;
		};
		2C47A7711D54A3130082E508 /* Debug */ = {
			isa = XCBuildConfiguration;
			buildSettings = {
				INFOPLIST_FILE = CardSampleUITests/Info.plist;
				LD_RUNPATH_SEARCH_PATHS = "$(inherited) @executable_path/Frameworks @loader_path/Frameworks";
				PRODUCT_BUNDLE_IDENTIFIER = com.botai.CardSampleUITests;
				PRODUCT_NAME = "$(TARGET_NAME)";
				TEST_TARGET_NAME = CardSample;
			};
			name = Debug;
		};
		2C47A7721D54A3130082E508 /* Release */ = {
			isa = XCBuildConfiguration;
			buildSettings = {
				INFOPLIST_FILE = CardSampleUITests/Info.plist;
				LD_RUNPATH_SEARCH_PATHS = "$(inherited) @executable_path/Frameworks @loader_path/Frameworks";
				PRODUCT_BUNDLE_IDENTIFIER = com.botai.CardSampleUITests;
				PRODUCT_NAME = "$(TARGET_NAME)";
				TEST_TARGET_NAME = CardSample;
			};
			name = Release;
		};
/* End XCBuildConfiguration section */

/* Begin XCConfigurationList section */
		2C47A73D1D54A3120082E508 /* Build configuration list for PBXProject "CardSample" */ = {
			isa = XCConfigurationList;
			buildConfigurations = (
				2C47A7681D54A3130082E508 /* Debug */,
				2C47A7691D54A3130082E508 /* Release */,
			);
			defaultConfigurationIsVisible = 0;
			defaultConfigurationName = Release;
		};
		2C47A76A1D54A3130082E508 /* Build configuration list for PBXNativeTarget "CardSample" */ = {
			isa = XCConfigurationList;
			buildConfigurations = (
				2C47A76B1D54A3130082E508 /* Debug */,
				2C47A76C1D54A3130082E508 /* Release */,
			);
			defaultConfigurationIsVisible = 0;
			defaultConfigurationName = Release;
		};
		2C47A76D1D54A3130082E508 /* Build configuration list for PBXNativeTarget "CardSampleTests" */ = {
			isa = XCConfigurationList;
			buildConfigurations = (
				2C47A76E1D54A3130082E508 /* Debug */,
				2C47A76F1D54A3130082E508 /* Release */,
			);
			defaultConfigurationIsVisible = 0;
			defaultConfigurationName = Release;
		};
		2C47A7701D54A3130082E508 /* Build configuration list for PBXNativeTarget "CardSampleUITests" */ = {
			isa = XCConfigurationList;
			buildConfigurations = (
				2C47A7711D54A3130082E508 /* Debug */,
				2C47A7721D54A3130082E508 /* Release */,
			);
			defaultConfigurationIsVisible = 0;
			defaultConfigurationName = Release;
		};
/* End XCConfigurationList section */
	};
	rootObject = 2C47A73A1D54A3120082E508 /* Project object */;
}
